
Microsoft Visual Studio Solution File, Format Version 12.00
# Visual Studio Version 17
VisualStudioVersion = 17.14.36121.58 d17.14
MinimumVisualStudioVersion = 10.0.40219.1
Project("{FAE04EC0-301F-11D3-BF4B-00C04F79EFBC}") = "MyScriptureJournal", "MyScriptureJournal.csproj", "{EA3AA4FA-4B92-4F90-AAD2-2BD7AB194AA8}"
EndProject
Global
	GlobalSection(SolutionConfigurationPlatforms) = preSolution
		Debug|Any CPU = Debug|Any CPU
		Release|Any CPU = Release|Any CPU
	EndGlobalSection
	GlobalSection(ProjectConfigurationPlatforms) = postSolution
		{EA3AA4FA-4B92-4F90-AAD2-2BD7AB194AA8}.Debug|Any CPU.ActiveCfg = Debug|Any CPU
		{EA3AA4FA-4B92-4F90-AAD2-2BD7AB194AA8}.Debug|Any CPU.Build.0 = Debug|Any CPU
		{EA3AA4FA-4B92-4F90-AAD2-2BD7AB194AA8}.Release|Any CPU.ActiveCfg = Release|Any CPU
		{EA3AA4FA-4B92-4F90-AAD2-2BD7AB194AA8}.Release|Any CPU.Build.0 = Release|Any CPU
	EndGlobalSection
	GlobalSection(SolutionProperties) = preSolution
		HideSolutionNode = FALSE
	EndGlobalSection
	GlobalSection(ExtensibilityGlobals) = postSolution
		SolutionGuid = {73E6F987-C4F7-4BE9-A077-54E00EBCC04C}
	EndGlobalSection
EndGlobal
